// !$*UTF8*$!
{
	archiveVersion = 1;
	classes = {
	};
	objectVersion = 52;
	objects = {

/* Begin PBXBuildFile section */
		CEBD289123A33BC6007C1377 /* ProgressBar.swift in Sources */ = {isa = PBXBuildFile; fileRef = CEBD289023A33BC6007C1377 /* ProgressBar.swift */; };
		CEBD289323A33C65007C1377 /* CustomTextField.swift in Sources */ = {isa = PBXBuildFile; fileRef = CEBD289223A33C65007C1377 /* CustomTextField.swift */; };
		CEBD289923A4ADDE007C1377 /* HomeView.swift in Sources */ = {isa = PBXBuildFile; fileRef = CEBD289823A4ADDE007C1377 /* HomeView.swift */; };
		CEBD289B23A4ADF1007C1377 /* ExploreView.swift in Sources */ = {isa = PBXBuildFile; fileRef = CEBD289A23A4ADF1007C1377 /* ExploreView.swift */; };
		CEBD289D23A4AE03007C1377 /* AccountView.swift in Sources */ = {isa = PBXBuildFile; fileRef = CEBD289C23A4AE03007C1377 /* AccountView.swift */; };
		CEBD289F23A4AE1B007C1377 /* RecordView.swift in Sources */ = {isa = PBXBuildFile; fileRef = CEBD289E23A4AE1B007C1377 /* RecordView.swift */; };
		CEBD28A123A57A74007C1377 /* PodcastModel.swift in Sources */ = {isa = PBXBuildFile; fileRef = CEBD28A023A57A74007C1377 /* PodcastModel.swift */; };
		CEBD28A323A57B75007C1377 /* ExploreListView.swift in Sources */ = {isa = PBXBuildFile; fileRef = CEBD28A223A57B74007C1377 /* ExploreListView.swift */; };
		CEBD28A523A57DEF007C1377 /* ExploreAsset.xcassets in Resources */ = {isa = PBXBuildFile; fileRef = CEBD28A423A57DEF007C1377 /* ExploreAsset.xcassets */; };
		CEC3C06F23A2B0CE0002BFF7 /* SignInModel.swift in Sources */ = {isa = PBXBuildFile; fileRef = CEC3C06E23A2B0CE0002BFF7 /* SignInModel.swift */; };
		CEC3C07123A2B1640002BFF7 /* SignIn.swift in Sources */ = {isa = PBXBuildFile; fileRef = CEC3C07023A2B1640002BFF7 /* SignIn.swift */; };
		CEE4482F23A1F152006F7B93 /* AppDelegate.swift in Sources */ = {isa = PBXBuildFile; fileRef = CEE4482E23A1F152006F7B93 /* AppDelegate.swift */; };
		CEE4483123A1F152006F7B93 /* SceneDelegate.swift in Sources */ = {isa = PBXBuildFile; fileRef = CEE4483023A1F152006F7B93 /* SceneDelegate.swift */; };
		CEE4483323A1F152006F7B93 /* ContentView.swift in Sources */ = {isa = PBXBuildFile; fileRef = CEE4483223A1F152006F7B93 /* ContentView.swift */; };
		CEE4483523A1F155006F7B93 /* Assets.xcassets in Resources */ = {isa = PBXBuildFile; fileRef = CEE4483423A1F155006F7B93 /* Assets.xcassets */; };
		CEE4483823A1F155006F7B93 /* Preview Assets.xcassets in Resources */ = {isa = PBXBuildFile; fileRef = CEE4483723A1F155006F7B93 /* Preview Assets.xcassets */; };
		CEE4483B23A1F155006F7B93 /* LaunchScreen.storyboard in Resources */ = {isa = PBXBuildFile; fileRef = CEE4483923A1F155006F7B93 /* LaunchScreen.storyboard */; };
		CEE4484623A1F155006F7B93 /* PodcastTests.swift in Sources */ = {isa = PBXBuildFile; fileRef = CEE4484523A1F155006F7B93 /* PodcastTests.swift */; };
		CEE4485123A1F155006F7B93 /* PodcastUITests.swift in Sources */ = {isa = PBXBuildFile; fileRef = CEE4485023A1F155006F7B93 /* PodcastUITests.swift */; };
		CEE4486223A1F402006F7B93 /* SignInView.swift in Sources */ = {isa = PBXBuildFile; fileRef = CEE4486123A1F402006F7B93 /* SignInView.swift */; };
		CEE4486523A20B7E006F7B93 /* Alamofire in Frameworks */ = {isa = PBXBuildFile; productRef = CEE4486423A20B7E006F7B93 /* Alamofire */; };
/* End PBXBuildFile section */

/* Begin PBXContainerItemProxy section */
		CEE4484223A1F155006F7B93 /* PBXContainerItemProxy */ = {
			isa = PBXContainerItemProxy;
			containerPortal = CEE4482323A1F152006F7B93 /* Project object */;
			proxyType = 1;
			remoteGlobalIDString = CEE4482A23A1F152006F7B93;
			remoteInfo = Podcast;
		};
		CEE4484D23A1F155006F7B93 /* PBXContainerItemProxy */ = {
			isa = PBXContainerItemProxy;
			containerPortal = CEE4482323A1F152006F7B93 /* Project object */;
			proxyType = 1;
			remoteGlobalIDString = CEE4482A23A1F152006F7B93;
			remoteInfo = Podcast;
		};
/* End PBXContainerItemProxy section */

/* Begin PBXFileReference section */
		CEBD289023A33BC6007C1377 /* ProgressBar.swift */ = {isa = PBXFileReference; lastKnownFileType = sourcecode.swift; path = ProgressBar.swift; sourceTree = "<group>"; };
		CEBD289223A33C65007C1377 /* CustomTextField.swift */ = {isa = PBXFileReference; lastKnownFileType = sourcecode.swift; path = CustomTextField.swift; sourceTree = "<group>"; };
		CEBD289823A4ADDE007C1377 /* HomeView.swift */ = {isa = PBXFileReference; lastKnownFileType = sourcecode.swift; path = HomeView.swift; sourceTree = "<group>"; };
		CEBD289A23A4ADF1007C1377 /* ExploreView.swift */ = {isa = PBXFileReference; lastKnownFileType = sourcecode.swift; path = ExploreView.swift; sourceTree = "<group>"; };
		CEBD289C23A4AE03007C1377 /* AccountView.swift */ = {isa = PBXFileReference; lastKnownFileType = sourcecode.swift; path = AccountView.swift; sourceTree = "<group>"; };
		CEBD289E23A4AE1B007C1377 /* RecordView.swift */ = {isa = PBXFileReference; lastKnownFileType = sourcecode.swift; path = RecordView.swift; sourceTree = "<group>"; };
		CEBD28A023A57A74007C1377 /* PodcastModel.swift */ = {isa = PBXFileReference; lastKnownFileType = sourcecode.swift; path = PodcastModel.swift; sourceTree = "<group>"; };
		CEBD28A223A57B74007C1377 /* ExploreListView.swift */ = {isa = PBXFileReference; lastKnownFileType = sourcecode.swift; path = ExploreListView.swift; sourceTree = "<group>"; };
		CEBD28A423A57DEF007C1377 /* ExploreAsset.xcassets */ = {isa = PBXFileReference; lastKnownFileType = folder.assetcatalog; path = ExploreAsset.xcassets; sourceTree = "<group>"; };
		CEC3C06E23A2B0CE0002BFF7 /* SignInModel.swift */ = {isa = PBXFileReference; lastKnownFileType = sourcecode.swift; path = SignInModel.swift; sourceTree = "<group>"; };
		CEC3C07023A2B1640002BFF7 /* SignIn.swift */ = {isa = PBXFileReference; lastKnownFileType = sourcecode.swift; path = SignIn.swift; sourceTree = "<group>"; };
		CEE4482B23A1F152006F7B93 /* Podcast.app */ = {isa = PBXFileReference; explicitFileType = wrapper.application; includeInIndex = 0; path = Podcast.app; sourceTree = BUILT_PRODUCTS_DIR; };
		CEE4482E23A1F152006F7B93 /* AppDelegate.swift */ = {isa = PBXFileReference; lastKnownFileType = sourcecode.swift; path = AppDelegate.swift; sourceTree = "<group>"; };
		CEE4483023A1F152006F7B93 /* SceneDelegate.swift */ = {isa = PBXFileReference; lastKnownFileType = sourcecode.swift; path = SceneDelegate.swift; sourceTree = "<group>"; };
		CEE4483223A1F152006F7B93 /* ContentView.swift */ = {isa = PBXFileReference; lastKnownFileType = sourcecode.swift; path = ContentView.swift; sourceTree = "<group>"; };
		CEE4483423A1F155006F7B93 /* Assets.xcassets */ = {isa = PBXFileReference; lastKnownFileType = folder.assetcatalog; path = Assets.xcassets; sourceTree = "<group>"; };
		CEE4483723A1F155006F7B93 /* Preview Assets.xcassets */ = {isa = PBXFileReference; lastKnownFileType = folder.assetcatalog; path = "Preview Assets.xcassets"; sourceTree = "<group>"; };
		CEE4483A23A1F155006F7B93 /* Base */ = {isa = PBXFileReference; lastKnownFileType = file.storyboard; name = Base; path = Base.lproj/LaunchScreen.storyboard; sourceTree = "<group>"; };
		CEE4483C23A1F155006F7B93 /* Info.plist */ = {isa = PBXFileReference; lastKnownFileType = text.plist.xml; path = Info.plist; sourceTree = "<group>"; };
		CEE4484123A1F155006F7B93 /* PodcastTests.xctest */ = {isa = PBXFileReference; explicitFileType = wrapper.cfbundle; includeInIndex = 0; path = PodcastTests.xctest; sourceTree = BUILT_PRODUCTS_DIR; };
		CEE4484523A1F155006F7B93 /* PodcastTests.swift */ = {isa = PBXFileReference; lastKnownFileType = sourcecode.swift; path = PodcastTests.swift; sourceTree = "<group>"; };
		CEE4484723A1F155006F7B93 /* Info.plist */ = {isa = PBXFileReference; lastKnownFileType = text.plist.xml; path = Info.plist; sourceTree = "<group>"; };
		CEE4484C23A1F155006F7B93 /* PodcastUITests.xctest */ = {isa = PBXFileReference; explicitFileType = wrapper.cfbundle; includeInIndex = 0; path = PodcastUITests.xctest; sourceTree = BUILT_PRODUCTS_DIR; };
		CEE4485023A1F155006F7B93 /* PodcastUITests.swift */ = {isa = PBXFileReference; lastKnownFileType = sourcecode.swift; path = PodcastUITests.swift; sourceTree = "<group>"; };
		CEE4485223A1F155006F7B93 /* Info.plist */ = {isa = PBXFileReference; lastKnownFileType = text.plist.xml; path = Info.plist; sourceTree = "<group>"; };
		CEE4486123A1F402006F7B93 /* SignInView.swift */ = {isa = PBXFileReference; lastKnownFileType = sourcecode.swift; path = SignInView.swift; sourceTree = "<group>"; };
/* End PBXFileReference section */

/* Begin PBXFrameworksBuildPhase section */
		CEE4482823A1F152006F7B93 /* Frameworks */ = {
			isa = PBXFrameworksBuildPhase;
			buildActionMask = 2147483647;
			files = (
				CEE4486523A20B7E006F7B93 /* Alamofire in Frameworks */,
			);
			runOnlyForDeploymentPostprocessing = 0;
		};
		CEE4483E23A1F155006F7B93 /* Frameworks */ = {
			isa = PBXFrameworksBuildPhase;
			buildActionMask = 2147483647;
			files = (
			);
			runOnlyForDeploymentPostprocessing = 0;
		};
		CEE4484923A1F155006F7B93 /* Frameworks */ = {
			isa = PBXFrameworksBuildPhase;
			buildActionMask = 2147483647;
			files = (
			);
			runOnlyForDeploymentPostprocessing = 0;
		};
/* End PBXFrameworksBuildPhase section */

/* Begin PBXGroup section */
		CEBD288F23A33B9F007C1377 /* Utility */ = {
			isa = PBXGroup;
			children = (
				CEBD289023A33BC6007C1377 /* ProgressBar.swift */,
				CEBD289223A33C65007C1377 /* CustomTextField.swift */,
			);
			path = Utility;
			sourceTree = "<group>";
		};
		CEBD289423A4AD57007C1377 /* Home */ = {
			isa = PBXGroup;
			children = (
				CEBD289823A4ADDE007C1377 /* HomeView.swift */,
			);
			path = Home;
			sourceTree = "<group>";
		};
		CEBD289523A4AD65007C1377 /* Explore */ = {
			isa = PBXGroup;
			children = (
				CEBD289A23A4ADF1007C1377 /* ExploreView.swift */,
				CEBD28A023A57A74007C1377 /* PodcastModel.swift */,
				CEBD28A223A57B74007C1377 /* ExploreListView.swift */,
				CEBD28A423A57DEF007C1377 /* ExploreAsset.xcassets */,
			);
			path = Explore;
			sourceTree = "<group>";
		};
		CEBD289623A4AD99007C1377 /* Account */ = {
			isa = PBXGroup;
			children = (
				CEBD289C23A4AE03007C1377 /* AccountView.swift */,
			);
			path = Account;
			sourceTree = "<group>";
		};
		CEBD289723A4ADBF007C1377 /* Record */ = {
			isa = PBXGroup;
			children = (
				CEBD289E23A4AE1B007C1377 /* RecordView.swift */,
			);
			path = Record;
			sourceTree = "<group>";
		};
		CEE4482223A1F152006F7B93 = {
			isa = PBXGroup;
			children = (
				CEE4482D23A1F152006F7B93 /* Podcast */,
				CEE4484423A1F155006F7B93 /* PodcastTests */,
				CEE4484F23A1F155006F7B93 /* PodcastUITests */,
				CEE4482C23A1F152006F7B93 /* Products */,
			);
			sourceTree = "<group>";
		};
		CEE4482C23A1F152006F7B93 /* Products */ = {
			isa = PBXGroup;
			children = (
				CEE4482B23A1F152006F7B93 /* Podcast.app */,
				CEE4484123A1F155006F7B93 /* PodcastTests.xctest */,
				CEE4484C23A1F155006F7B93 /* PodcastUITests.xctest */,
			);
			name = Products;
			sourceTree = "<group>";
		};
		CEE4482D23A1F152006F7B93 /* Podcast */ = {
			isa = PBXGroup;
			children = (
				CEE4482E23A1F152006F7B93 /* AppDelegate.swift */,
				CEE4483023A1F152006F7B93 /* SceneDelegate.swift */,
				CEE4483223A1F152006F7B93 /* ContentView.swift */,
				CEE4485E23A1F250006F7B93 /* SignIn */,
				CEBD289423A4AD57007C1377 /* Home */,
				CEBD289523A4AD65007C1377 /* Explore */,
				CEBD289623A4AD99007C1377 /* Account */,
				CEBD289723A4ADBF007C1377 /* Record */,
				CEBD288F23A33B9F007C1377 /* Utility */,
				CEE4483423A1F155006F7B93 /* Assets.xcassets */,
				CEE4483923A1F155006F7B93 /* LaunchScreen.storyboard */,
				CEE4483C23A1F155006F7B93 /* Info.plist */,
				CEE4483623A1F155006F7B93 /* Preview Content */,
			);
			path = Podcast;
			sourceTree = "<group>";
		};
		CEE4483623A1F155006F7B93 /* Preview Content */ = {
			isa = PBXGroup;
			children = (
				CEE4483723A1F155006F7B93 /* Preview Assets.xcassets */,
			);
			path = "Preview Content";
			sourceTree = "<group>";
		};
		CEE4484423A1F155006F7B93 /* PodcastTests */ = {
			isa = PBXGroup;
			children = (
				CEE4484523A1F155006F7B93 /* PodcastTests.swift */,
				CEE4484723A1F155006F7B93 /* Info.plist */,
			);
			path = PodcastTests;
			sourceTree = "<group>";
		};
		CEE4484F23A1F155006F7B93 /* PodcastUITests */ = {
			isa = PBXGroup;
			children = (
				CEE4485023A1F155006F7B93 /* PodcastUITests.swift */,
				CEE4485223A1F155006F7B93 /* Info.plist */,
			);
			path = PodcastUITests;
			sourceTree = "<group>";
		};
		CEE4485E23A1F250006F7B93 /* SignIn */ = {
			isa = PBXGroup;
			children = (
				CEE4486123A1F402006F7B93 /* SignInView.swift */,
				CEC3C06E23A2B0CE0002BFF7 /* SignInModel.swift */,
				CEC3C07023A2B1640002BFF7 /* SignIn.swift */,
			);
			path = SignIn;
			sourceTree = "<group>";
		};
/* End PBXGroup section */

/* Begin PBXNativeTarget section */
		CEE4482A23A1F152006F7B93 /* Podcast */ = {
			isa = PBXNativeTarget;
			buildConfigurationList = CEE4485523A1F155006F7B93 /* Build configuration list for PBXNativeTarget "Podcast" */;
			buildPhases = (
				CEE4482723A1F152006F7B93 /* Sources */,
				CEE4482823A1F152006F7B93 /* Frameworks */,
				CEE4482923A1F152006F7B93 /* Resources */,
			);
			buildRules = (
			);
			dependencies = (
			);
			name = Podcast;
			packageProductDependencies = (
				CEE4486423A20B7E006F7B93 /* Alamofire */,
			);
			productName = Podcast;
			productReference = CEE4482B23A1F152006F7B93 /* Podcast.app */;
			productType = "com.apple.product-type.application";
		};
		CEE4484023A1F155006F7B93 /* PodcastTests */ = {
			isa = PBXNativeTarget;
			buildConfigurationList = CEE4485823A1F155006F7B93 /* Build configuration list for PBXNativeTarget "PodcastTests" */;
			buildPhases = (
				CEE4483D23A1F155006F7B93 /* Sources */,
				CEE4483E23A1F155006F7B93 /* Frameworks */,
				CEE4483F23A1F155006F7B93 /* Resources */,
			);
			buildRules = (
			);
			dependencies = (
				CEE4484323A1F155006F7B93 /* PBXTargetDependency */,
			);
			name = PodcastTests;
			productName = PodcastTests;
			productReference = CEE4484123A1F155006F7B93 /* PodcastTests.xctest */;
			productType = "com.apple.product-type.bundle.unit-test";
		};
		CEE4484B23A1F155006F7B93 /* PodcastUITests */ = {
			isa = PBXNativeTarget;
			buildConfigurationList = CEE4485B23A1F155006F7B93 /* Build configuration list for PBXNativeTarget "PodcastUITests" */;
			buildPhases = (
				CEE4484823A1F155006F7B93 /* Sources */,
				CEE4484923A1F155006F7B93 /* Frameworks */,
				CEE4484A23A1F155006F7B93 /* Resources */,
			);
			buildRules = (
			);
			dependencies = (
				CEE4484E23A1F155006F7B93 /* PBXTargetDependency */,
			);
			name = PodcastUITests;
			productName = PodcastUITests;
			productReference = CEE4484C23A1F155006F7B93 /* PodcastUITests.xctest */;
			productType = "com.apple.product-type.bundle.ui-testing";
		};
/* End PBXNativeTarget section */

/* Begin PBXProject section */
		CEE4482323A1F152006F7B93 /* Project object */ = {
			isa = PBXProject;
			attributes = {
				LastSwiftUpdateCheck = 1120;
				LastUpgradeCheck = 1120;
				ORGANIZATIONNAME = Sirak;
				TargetAttributes = {
					CEE4482A23A1F152006F7B93 = {
						CreatedOnToolsVersion = 11.2.1;
					};
					CEE4484023A1F155006F7B93 = {
						CreatedOnToolsVersion = 11.2.1;
						TestTargetID = CEE4482A23A1F152006F7B93;
					};
					CEE4484B23A1F155006F7B93 = {
						CreatedOnToolsVersion = 11.2.1;
						TestTargetID = CEE4482A23A1F152006F7B93;
					};
				};
			};
			buildConfigurationList = CEE4482623A1F152006F7B93 /* Build configuration list for PBXProject "Podcast" */;
			compatibilityVersion = "Xcode 9.3";
			developmentRegion = en;
			hasScannedForEncodings = 0;
			knownRegions = (
				en,
				Base,
			);
			mainGroup = CEE4482223A1F152006F7B93;
			packageReferences = (
				CEE4486323A20B7E006F7B93 /* XCRemoteSwiftPackageReference "Alamofire" */,
			);
			productRefGroup = CEE4482C23A1F152006F7B93 /* Products */;
			projectDirPath = "";
			projectRoot = "";
			targets = (
				CEE4482A23A1F152006F7B93 /* Podcast */,
				CEE4484023A1F155006F7B93 /* PodcastTests */,
				CEE4484B23A1F155006F7B93 /* PodcastUITests */,
			);
		};
/* End PBXProject section */

/* Begin PBXResourcesBuildPhase section */
		CEE4482923A1F152006F7B93 /* Resources */ = {
			isa = PBXResourcesBuildPhase;
			buildActionMask = 2147483647;
			files = (
				CEBD28A523A57DEF007C1377 /* ExploreAsset.xcassets in Resources */,
				CEE4483B23A1F155006F7B93 /* LaunchScreen.storyboard in Resources */,
				CEE4483823A1F155006F7B93 /* Preview Assets.xcassets in Resources */,
				CEE4483523A1F155006F7B93 /* Assets.xcassets in Resources */,
			);
			runOnlyForDeploymentPostprocessing = 0;
		};
		CEE4483F23A1F155006F7B93 /* Resources */ = {
			isa = PBXResourcesBuildPhase;
			buildActionMask = 2147483647;
			files = (
			);
			runOnlyForDeploymentPostprocessing = 0;
		};
		CEE4484A23A1F155006F7B93 /* Resources */ = {
			isa = PBXResourcesBuildPhase;
			buildActionMask = 2147483647;
			files = (
			);
			runOnlyForDeploymentPostprocessing = 0;
		};
/* End PBXResourcesBuildPhase section */

/* Begin PBXSourcesBuildPhase section */
		CEE4482723A1F152006F7B93 /* Sources */ = {
			isa = PBXSourcesBuildPhase;
			buildActionMask = 2147483647;
			files = (
				CEBD289923A4ADDE007C1377 /* HomeView.swift in Sources */,
				CEBD289F23A4AE1B007C1377 /* RecordView.swift in Sources */,
				CEE4482F23A1F152006F7B93 /* AppDelegate.swift in Sources */,
				CEC3C07123A2B1640002BFF7 /* SignIn.swift in Sources */,
				CEE4483123A1F152006F7B93 /* SceneDelegate.swift in Sources */,
				CEBD289D23A4AE03007C1377 /* AccountView.swift in Sources */,
				CEBD28A323A57B75007C1377 /* ExploreListView.swift in Sources */,
				CEBD289B23A4ADF1007C1377 /* ExploreView.swift in Sources */,
				CEE4483323A1F152006F7B93 /* ContentView.swift in Sources */,
				CEBD289323A33C65007C1377 /* CustomTextField.swift in Sources */,
				CEBD28A123A57A74007C1377 /* PodcastModel.swift in Sources */,
				CEE4486223A1F402006F7B93 /* SignInView.swift in Sources */,
				CEC3C06F23A2B0CE0002BFF7 /* SignInModel.swift in Sources */,
				CEBD289123A33BC6007C1377 /* ProgressBar.swift in Sources */,
			);
			runOnlyForDeploymentPostprocessing = 0;
		};
		CEE4483D23A1F155006F7B93 /* Sources */ = {
			isa = PBXSourcesBuildPhase;
			buildActionMask = 2147483647;
			files = (
				CEE4484623A1F155006F7B93 /* PodcastTests.swift in Sources */,
			);
			runOnlyForDeploymentPostprocessing = 0;
		};
		CEE4484823A1F155006F7B93 /* Sources */ = {
			isa = PBXSourcesBuildPhase;
			buildActionMask = 2147483647;
			files = (
				CEE4485123A1F155006F7B93 /* PodcastUITests.swift in Sources */,
			);
			runOnlyForDeploymentPostprocessing = 0;
		};
/* End PBXSourcesBuildPhase section */

/* Begin PBXTargetDependency section */
		CEE4484323A1F155006F7B93 /* PBXTargetDependency */ = {
			isa = PBXTargetDependency;
			target = CEE4482A23A1F152006F7B93 /* Podcast */;
			targetProxy = CEE4484223A1F155006F7B93 /* PBXContainerItemProxy */;
		};
		CEE4484E23A1F155006F7B93 /* PBXTargetDependency */ = {
			isa = PBXTargetDependency;
			target = CEE4482A23A1F152006F7B93 /* Podcast */;
			targetProxy = CEE4484D23A1F155006F7B93 /* PBXContainerItemProxy */;
		};
/* End PBXTargetDependency section */

/* Begin PBXVariantGroup section */
		CEE4483923A1F155006F7B93 /* LaunchScreen.storyboard */ = {
			isa = PBXVariantGroup;
			children = (
				CEE4483A23A1F155006F7B93 /* Base */,
			);
			name = LaunchScreen.storyboard;
			sourceTree = "<group>";
		};
/* End PBXVariantGroup section */

/* Begin XCBuildConfiguration section */
		CEE4485323A1F155006F7B93 /* Debug */ = {
			isa = XCBuildConfiguration;
			buildSettings = {
				ALWAYS_SEARCH_USER_PATHS = NO;
				CLANG_ANALYZER_NONNULL = YES;
				CLANG_ANALYZER_NUMBER_OBJECT_CONVERSION = YES_AGGRESSIVE;
				CLANG_CXX_LANGUAGE_STANDARD = "gnu++14";
				CLANG_CXX_LIBRARY = "libc++";
				CLANG_ENABLE_MODULES = YES;
				CLANG_ENABLE_OBJC_ARC = YES;
				CLANG_ENABLE_OBJC_WEAK = YES;
				CLANG_WARN_BLOCK_CAPTURE_AUTORELEASING = YES;
				CLANG_WARN_BOOL_CONVERSION = YES;
				CLANG_WARN_COMMA = YES;
				CLANG_WARN_CONSTANT_CONVERSION = YES;
				CLANG_WARN_DEPRECATED_OBJC_IMPLEMENTATIONS = YES;
				CLANG_WARN_DIRECT_OBJC_ISA_USAGE = YES_ERROR;
				CLANG_WARN_DOCUMENTATION_COMMENTS = YES;
				CLANG_WARN_EMPTY_BODY = YES;
				CLANG_WARN_ENUM_CONVERSION = YES;
				CLANG_WARN_INFINITE_RECURSION = YES;
				CLANG_WARN_INT_CONVERSION = YES;
				CLANG_WARN_NON_LITERAL_NULL_CONVERSION = YES;
				CLANG_WARN_OBJC_IMPLICIT_RETAIN_SELF = YES;
				CLANG_WARN_OBJC_LITERAL_CONVERSION = YES;
				CLANG_WARN_OBJC_ROOT_CLASS = YES_ERROR;
				CLANG_WARN_RANGE_LOOP_ANALYSIS = YES;
				CLANG_WARN_STRICT_PROTOTYPES = YES;
				CLANG_WARN_SUSPICIOUS_MOVE = YES;
				CLANG_WARN_UNGUARDED_AVAILABILITY = YES_AGGRESSIVE;
				CLANG_WARN_UNREACHABLE_CODE = YES;
				CLANG_WARN__DUPLICATE_METHOD_MATCH = YES;
				COPY_PHASE_STRIP = NO;
				DEBUG_INFORMATION_FORMAT = dwarf;
				ENABLE_STRICT_OBJC_MSGSEND = YES;
				ENABLE_TESTABILITY = YES;
				GCC_C_LANGUAGE_STANDARD = gnu11;
				GCC_DYNAMIC_NO_PIC = NO;
				GCC_NO_COMMON_BLOCKS = YES;
				GCC_OPTIMIZATION_LEVEL = 0;
				GCC_PREPROCESSOR_DEFINITIONS = (
					"DEBUG=1",
					"$(inherited)",
				);
				GCC_WARN_64_TO_32_BIT_CONVERSION = YES;
				GCC_WARN_ABOUT_RETURN_TYPE = YES_ERROR;
				GCC_WARN_UNDECLARED_SELECTOR = YES;
				GCC_WARN_UNINITIALIZED_AUTOS = YES_AGGRESSIVE;
				GCC_WARN_UNUSED_FUNCTION = YES;
				GCC_WARN_UNUSED_VARIABLE = YES;
				IPHONEOS_DEPLOYMENT_TARGET = 13.2;
				MTL_ENABLE_DEBUG_INFO = INCLUDE_SOURCE;
				MTL_FAST_MATH = YES;
				ONLY_ACTIVE_ARCH = YES;
				SDKROOT = iphoneos;
				SWIFT_ACTIVE_COMPILATION_CONDITIONS = DEBUG;
				SWIFT_OPTIMIZATION_LEVEL = "-Onone";
			};
			name = Debug;
		};
		CEE4485423A1F155006F7B93 /* Release */ = {
			isa = XCBuildConfiguration;
			buildSettings = {
				ALWAYS_SEARCH_USER_PATHS = NO;
				CLANG_ANALYZER_NONNULL = YES;
				CLANG_ANALYZER_NUMBER_OBJECT_CONVERSION = YES_AGGRESSIVE;
				CLANG_CXX_LANGUAGE_STANDARD = "gnu++14";
				CLANG_CXX_LIBRARY = "libc++";
				CLANG_ENABLE_MODULES = YES;
				CLANG_ENABLE_OBJC_ARC = YES;
				CLANG_ENABLE_OBJC_WEAK = YES;
				CLANG_WARN_BLOCK_CAPTURE_AUTORELEASING = YES;
				CLANG_WARN_BOOL_CONVERSION = YES;
				CLANG_WARN_COMMA = YES;
				CLANG_WARN_CONSTANT_CONVERSION = YES;
				CLANG_WARN_DEPRECATED_OBJC_IMPLEMENTATIONS = YES;
				CLANG_WARN_DIRECT_OBJC_ISA_USAGE = YES_ERROR;
				CLANG_WARN_DOCUMENTATION_COMMENTS = YES;
				CLANG_WARN_EMPTY_BODY = YES;
				CLANG_WARN_ENUM_CONVERSION = YES;
				CLANG_WARN_INFINITE_RECURSION = YES;
				CLANG_WARN_INT_CONVERSION = YES;
				CLANG_WARN_NON_LITERAL_NULL_CONVERSION = YES;
				CLANG_WARN_OBJC_IMPLICIT_RETAIN_SELF = YES;
				CLANG_WARN_OBJC_LITERAL_CONVERSION = YES;
				CLANG_WARN_OBJC_ROOT_CLASS = YES_ERROR;
				CLANG_WARN_RANGE_LOOP_ANALYSIS = YES;
				CLANG_WARN_STRICT_PROTOTYPES = YES;
				CLANG_WARN_SUSPICIOUS_MOVE = YES;
				CLANG_WARN_UNGUARDED_AVAILABILITY = YES_AGGRESSIVE;
				CLANG_WARN_UNREACHABLE_CODE = YES;
				CLANG_WARN__DUPLICATE_METHOD_MATCH = YES;
				COPY_PHASE_STRIP = NO;
				DEBUG_INFORMATION_FORMAT = "dwarf-with-dsym";
				ENABLE_NS_ASSERTIONS = NO;
				ENABLE_STRICT_OBJC_MSGSEND = YES;
				GCC_C_LANGUAGE_STANDARD = gnu11;
				GCC_NO_COMMON_BLOCKS = YES;
				GCC_WARN_64_TO_32_BIT_CONVERSION = YES;
				GCC_WARN_ABOUT_RETURN_TYPE = YES_ERROR;
				GCC_WARN_UNDECLARED_SELECTOR = YES;
				GCC_WARN_UNINITIALIZED_AUTOS = YES_AGGRESSIVE;
				GCC_WARN_UNUSED_FUNCTION = YES;
				GCC_WARN_UNUSED_VARIABLE = YES;
				IPHONEOS_DEPLOYMENT_TARGET = 13.2;
				MTL_ENABLE_DEBUG_INFO = NO;
				MTL_FAST_MATH = YES;
				SDKROOT = iphoneos;
				SWIFT_COMPILATION_MODE = wholemodule;
				SWIFT_OPTIMIZATION_LEVEL = "-O";
				VALIDATE_PRODUCT = YES;
			};
			name = Release;
		};
		CEE4485623A1F155006F7B93 /* Debug */ = {
			isa = XCBuildConfiguration;
			buildSettings = {
				ASSETCATALOG_COMPILER_APPICON_NAME = AppIcon;
				CODE_SIGN_STYLE = Automatic;
				DEVELOPMENT_ASSET_PATHS = "\"Podcast/Preview Content\"";
				DEVELOPMENT_TEAM = SF52J2M4V7;
				ENABLE_PREVIEWS = YES;
				INFOPLIST_FILE = Podcast/Info.plist;
				LD_RUNPATH_SEARCH_PATHS = (
					"$(inherited)",
					"@executable_path/Frameworks",
				);
				PRODUCT_BUNDLE_IDENTIFIER = Sirak.Podcast;
				PRODUCT_NAME = "$(TARGET_NAME)";
				SWIFT_VERSION = 5.0;
				TARGETED_DEVICE_FAMILY = "1,2";
			};
			name = Debug;
		};
		CEE4485723A1F155006F7B93 /* Release */ = {
			isa = XCBuildConfiguration;
			buildSettings = {
				ASSETCATALOG_COMPILER_APPICON_NAME = AppIcon;
				CODE_SIGN_STYLE = Automatic;
				DEVELOPMENT_ASSET_PATHS = "\"Podcast/Preview Content\"";
				DEVELOPMENT_TEAM = SF52J2M4V7;
				ENABLE_PREVIEWS = YES;
				INFOPLIST_FILE = Podcast/Info.plist;
				LD_RUNPATH_SEARCH_PATHS = (
					"$(inherited)",
					"@executable_path/Frameworks",
				);
				PRODUCT_BUNDLE_IDENTIFIER = Sirak.Podcast;
				PRODUCT_NAME = "$(TARGET_NAME)";
				SWIFT_VERSION = 5.0;
				TARGETED_DEVICE_FAMILY = "1,2";
			};
			name = Release;
		};
		CEE4485923A1F155006F7B93 /* Debug */ = {
			isa = XCBuildConfiguration;
			buildSettings = {
				ALWAYS_EMBED_SWIFT_STANDARD_LIBRARIES = YES;
				BUNDLE_LOADER = "$(TEST_HOST)";
				CODE_SIGN_STYLE = Automatic;
				DEVELOPMENT_TEAM = SF52J2M4V7;
				INFOPLIST_FILE = PodcastTests/Info.plist;
				IPHONEOS_DEPLOYMENT_TARGET = 13.2;
				LD_RUNPATH_SEARCH_PATHS = (
					"$(inherited)",
					"@executable_path/Frameworks",
					"@loader_path/Frameworks",
				);
				PRODUCT_BUNDLE_IDENTIFIER = Sirak.PodcastTests;
				PRODUCT_NAME = "$(TARGET_NAME)";
				SWIFT_VERSION = 5.0;
				TARGETED_DEVICE_FAMILY = "1,2";
				TEST_HOST = "$(BUILT_PRODUCTS_DIR)/Podcast.app/Podcast";
			};
			name = Debug;
		};
		CEE4485A23A1F155006F7B93 /* Release */ = {
			isa = XCBuildConfiguration;
			buildSettings = {
				ALWAYS_EMBED_SWIFT_STANDARD_LIBRARIES = YES;
				BUNDLE_LOADER = "$(TEST_HOST)";
				CODE_SIGN_STYLE = Automatic;
				DEVELOPMENT_TEAM = SF52J2M4V7;
				INFOPLIST_FILE = PodcastTests/Info.plist;
				IPHONEOS_DEPLOYMENT_TARGET = 13.2;
				LD_RUNPATH_SEARCH_PATHS = (
					"$(inherited)",
					"@executable_path/Frameworks",
					"@loader_path/Frameworks",
				);
				PRODUCT_BUNDLE_IDENTIFIER = Sirak.PodcastTests;
				PRODUCT_NAME = "$(TARGET_NAME)";
				SWIFT_VERSION = 5.0;
				TARGETED_DEVICE_FAMILY = "1,2";
				TEST_HOST = "$(BUILT_PRODUCTS_DIR)/Podcast.app/Podcast";
			};
			name = Release;
		};
		CEE4485C23A1F155006F7B93 /* Debug */ = {
			isa = XCBuildConfiguration;
			buildSettings = {
				ALWAYS_EMBED_SWIFT_STANDARD_LIBRARIES = YES;
				CODE_SIGN_STYLE = Automatic;
				DEVELOPMENT_TEAM = SF52J2M4V7;
				INFOPLIST_FILE = PodcastUITests/Info.plist;
				LD_RUNPATH_SEARCH_PATHS = (
					"$(inherited)",
					"@executable_path/Frameworks",
					"@loader_path/Frameworks",
				);
				PRODUCT_BUNDLE_IDENTIFIER = Sirak.PodcastUITests;
				PRODUCT_NAME = "$(TARGET_NAME)";
				SWIFT_VERSION = 5.0;
				TARGETED_DEVICE_FAMILY = "1,2";
				TEST_TARGET_NAME = Podcast;
			};
			name = Debug;
		};
		CEE4485D23A1F155006F7B93 /* Release */ = {
			isa = XCBuildConfiguration;
			buildSettings = {
				ALWAYS_EMBED_SWIFT_STANDARD_LIBRARIES = YES;
				CODE_SIGN_STYLE = Automatic;
				DEVELOPMENT_TEAM = SF52J2M4V7;
				INFOPLIST_FILE = PodcastUITests/Info.plist;
				LD_RUNPATH_SEARCH_PATHS = (
					"$(inherited)",
					"@executable_path/Frameworks",
					"@loader_path/Frameworks",
				);
				PRODUCT_BUNDLE_IDENTIFIER = Sirak.PodcastUITests;
				PRODUCT_NAME = "$(TARGET_NAME)";
				SWIFT_VERSION = 5.0;
				TARGETED_DEVICE_FAMILY = "1,2";
				TEST_TARGET_NAME = Podcast;
			};
			name = Release;
		};
/* End XCBuildConfiguration section */

/* Begin XCConfigurationList section */
		CEE4482623A1F152006F7B93 /* Build configuration list for PBXProject "Podcast" */ = {
			isa = XCConfigurationList;
			buildConfigurations = (
				CEE4485323A1F155006F7B93 /* Debug */,
				CEE4485423A1F155006F7B93 /* Release */,
			);
			defaultConfigurationIsVisible = 0;
			defaultConfigurationName = Release;
		};
		CEE4485523A1F155006F7B93 /* Build configuration list for PBXNativeTarget "Podcast" */ = {
			isa = XCConfigurationList;
			buildConfigurations = (
				CEE4485623A1F155006F7B93 /* Debug */,
				CEE4485723A1F155006F7B93 /* Release */,
			);
			defaultConfigurationIsVisible = 0;
			defaultConfigurationName = Release;
		};
		CEE4485823A1F155006F7B93 /* Build configuration list for PBXNativeTarget "PodcastTests" */ = {
			isa = XCConfigurationList;
			buildConfigurations = (
				CEE4485923A1F155006F7B93 /* Debug */,
				CEE4485A23A1F155006F7B93 /* Release */,
			);
			defaultConfigurationIsVisible = 0;
			defaultConfigurationName = Release;
		};
		CEE4485B23A1F155006F7B93 /* Build configuration list for PBXNativeTarget "PodcastUITests" */ = {
			isa = XCConfigurationList;
			buildConfigurations = (
				CEE4485C23A1F155006F7B93 /* Debug */,
				CEE4485D23A1F155006F7B93 /* Release */,
			);
			defaultConfigurationIsVisible = 0;
			defaultConfigurationName = Release;
		};
/* End XCConfigurationList section */

/* Begin XCRemoteSwiftPackageReference section */
		CEE4486323A20B7E006F7B93 /* XCRemoteSwiftPackageReference "Alamofire" */ = {
			isa = XCRemoteSwiftPackageReference;
			repositoryURL = "https://github.com/Alamofire/Alamofire";
			requirement = {
				kind = upToNextMajorVersion;
				minimumVersion = 4.9.1;
			};
		};
/* End XCRemoteSwiftPackageReference section */

/* Begin XCSwiftPackageProductDependency section */
		CEE4486423A20B7E006F7B93 /* Alamofire */ = {
			isa = XCSwiftPackageProductDependency;
			package = CEE4486323A20B7E006F7B93 /* XCRemoteSwiftPackageReference "Alamofire" */;
			productName = Alamofire;
		};
/* End XCSwiftPackageProductDependency section */
	};
	rootObject = CEE4482323A1F152006F7B93 /* Project object */;
}
